<Solution>
  <Configurations>
    <Platform Name="Any CPU" />
    <Platform Name="x64" />
    <Platform Name="x86" />
  </Configurations>
  <Folder Name="/ProductService.API/">
    <Project Path="ProductService.API/ProductService.Application/ProductService.Application.csproj" />
    <Project Path="ProductService.API/ProductService.Domain/ProductService.Domain.csproj" />
    <Project Path="ProductService.API/ProductService.Infrastructure/ProductService.Infrastructure.csproj" />
  </Folder>
  <Project Path="ApiGateway/ApiGateway.csproj" />
  <Project Path="Cart.Api/Cart.Api.csproj" />
  <Project Path="Identity.Api/Identity.Api.csproj" />
  <Project Path="Order.Api/Order.Api.csproj" />
  <Project Path="ProductService.API/ProductService.API.csproj" />
</Solution>
